Microsoft Visual Studio Solution File, Format Version 12.00
# Visual Studio 15
Project("{8BC9CEB8-8B4A-11D0-8D11-00A0C91BC942}") = "ALL_BUILD", "ALL_BUILD.vcxproj", "{92CAF456-D70B-37AC-AD20-66F9275B129C}"
	ProjectSection(ProjectDependencies) = postProject
		{8D0FDD20-E85B-3975-B7C2-C0ED9BA42800} = {8D0FDD20-E85B-3975-B7C2-C0ED9BA42800}
		{2F8DD6C1-B682-3FDD-B718-29B6D240DF1B} = {2F8DD6C1-B682-3FDD-B718-29B6D240DF1B}
		{1A2CF381-FA51-35E9-B1C8-DC45F115CDB4} = {1A2CF381-FA51-35E9-B1C8-DC45F115CDB4}
		{5AF12343-B57E-31B7-A237-1F25CFEFC4DF} = {5AF12343-B57E-31B7-A237-1F25CFEFC4DF}
		{95257332-6988-3E44-B2B0-970195696BAE} = {95257332-6988-3E44-B2B0-970195696BAE}
		{AD955C72-8CA9-380E-96C0-BC8F5DCD1A8F} = {AD955C72-8CA9-380E-96C0-BC8F5DCD1A8F}
	EndProjectSection
EndProject
Project("{8BC9CEB8-8B4A-11D0-8D11-00A0C91BC942}") = "INSTALL", "INSTALL.vcxproj", "{7711AE6D-A719-38A8-B0BF-4E52CF7F3060}"
	ProjectSection(ProjectDependencies) = postProject
		{92CAF456-D70B-37AC-AD20-66F9275B129C} = {92CAF456-D70B-37AC-AD20-66F9275B129C}
		{8D0FDD20-E85B-3975-B7C2-C0ED9BA42800} = {8D0FDD20-E85B-3975-B7C2-C0ED9BA42800}
	EndProjectSection
EndProject
Project("{8BC9CEB8-8B4A-11D0-8D11-00A0C91BC942}") = "PACKAGE", "PACKAGE.vcxproj", "{7440CEA2-A9C6-3215-94CE-C2BC65242134}"
	ProjectSection(ProjectDependencies) = postProject
		{92CAF456-D70B-37AC-AD20-66F9275B129C} = {92CAF456-D70B-37AC-AD20-66F9275B129C}
		{8D0FDD20-E85B-3975-B7C2-C0ED9BA42800} = {8D0FDD20-E85B-3975-B7C2-C0ED9BA42800}
	EndProjectSection
EndProject
Project("{8BC9CEB8-8B4A-11D0-8D11-00A0C91BC942}") = "RUN_TESTS", "RUN_TESTS.vcxproj", "{985E8448-D921-3ECC-851F-17C2F4382A6F}"
	ProjectSection(ProjectDependencies) = postProject
		{8D0FDD20-E85B-3975-B7C2-C0ED9BA42800} = {8D0FDD20-E85B-3975-B7C2-C0ED9BA42800}
	EndProjectSection
EndProject
Project("{8BC9CEB8-8B4A-11D0-8D11-00A0C91BC942}") = "ZERO_CHECK", "ZERO_CHECK.vcxproj", "{8D0FDD20-E85B-3975-B7C2-C0ED9BA42800}"
	ProjectSection(ProjectDependencies) = postProject
	EndProjectSection
EndProject
Project("{8BC9CEB8-8B4A-11D0-8D11-00A0C91BC942}") = "fido", "src\fido\fido.vcxproj", "{2F8DD6C1-B682-3FDD-B718-29B6D240DF1B}"
	ProjectSection(ProjectDependencies) = postProject
		{8D0FDD20-E85B-3975-B7C2-C0ED9BA42800} = {8D0FDD20-E85B-3975-B7C2-C0ED9BA42800}
	EndProjectSection
EndProject
Project("{8BC9CEB8-8B4A-11D0-8D11-00A0C91BC942}") = "perclibrary", "src\perclibrary.vcxproj", "{1A2CF381-FA51-35E9-B1C8-DC45F115CDB4}"
	ProjectSection(ProjectDependencies) = postProject
		{8D0FDD20-E85B-3975-B7C2-C0ED9BA42800} = {8D0FDD20-E85B-3975-B7C2-C0ED9BA42800}
	EndProjectSection
EndProject
Project("{8BC9CEB8-8B4A-11D0-8D11-00A0C91BC942}") = "percolator", "src\percolator.vcxproj", "{5AF12343-B57E-31B7-A237-1F25CFEFC4DF}"
	ProjectSection(ProjectDependencies) = postProject
		{8D0FDD20-E85B-3975-B7C2-C0ED9BA42800} = {8D0FDD20-E85B-3975-B7C2-C0ED9BA42800}
		{2F8DD6C1-B682-3FDD-B718-29B6D240DF1B} = {2F8DD6C1-B682-3FDD-B718-29B6D240DF1B}
		{1A2CF381-FA51-35E9-B1C8-DC45F115CDB4} = {1A2CF381-FA51-35E9-B1C8-DC45F115CDB4}
		{95257332-6988-3E44-B2B0-970195696BAE} = {95257332-6988-3E44-B2B0-970195696BAE}
	EndProjectSection
EndProject
Project("{8BC9CEB8-8B4A-11D0-8D11-00A0C91BC942}") = "picked_protein", "src\picked_protein\picked_protein.vcxproj", "{95257332-6988-3E44-B2B0-970195696BAE}"
	ProjectSection(ProjectDependencies) = postProject
		{8D0FDD20-E85B-3975-B7C2-C0ED9BA42800} = {8D0FDD20-E85B-3975-B7C2-C0ED9BA42800}
	EndProjectSection
EndProject
Project("{8BC9CEB8-8B4A-11D0-8D11-00A0C91BC942}") = "qvality", "src\qvality\qvality.vcxproj", "{AD955C72-8CA9-380E-96C0-BC8F5DCD1A8F}"
	ProjectSection(ProjectDependencies) = postProject
		{8D0FDD20-E85B-3975-B7C2-C0ED9BA42800} = {8D0FDD20-E85B-3975-B7C2-C0ED9BA42800}
		{2F8DD6C1-B682-3FDD-B718-29B6D240DF1B} = {2F8DD6C1-B682-3FDD-B718-29B6D240DF1B}
		{1A2CF381-FA51-35E9-B1C8-DC45F115CDB4} = {1A2CF381-FA51-35E9-B1C8-DC45F115CDB4}
	EndProjectSection
EndProject
Global
	GlobalSection(SolutionConfigurationPlatforms) = preSolution
		Debug|Win32 = Debug|Win32
		Release|Win32 = Release|Win32
		MinSizeRel|Win32 = MinSizeRel|Win32
		RelWithDebInfo|Win32 = RelWithDebInfo|Win32
	EndGlobalSection
	GlobalSection(ProjectConfigurationPlatforms) = postSolution
		{92CAF456-D70B-37AC-AD20-66F9275B129C}.Debug|Win32.ActiveCfg = Debug|Win32
		{92CAF456-D70B-37AC-AD20-66F9275B129C}.Debug|Win32.Build.0 = Debug|Win32
		{92CAF456-D70B-37AC-AD20-66F9275B129C}.Release|Win32.ActiveCfg = Release|Win32
		{92CAF456-D70B-37AC-AD20-66F9275B129C}.Release|Win32.Build.0 = Release|Win32
		{92CAF456-D70B-37AC-AD20-66F9275B129C}.MinSizeRel|Win32.ActiveCfg = MinSizeRel|Win32
		{92CAF456-D70B-37AC-AD20-66F9275B129C}.MinSizeRel|Win32.Build.0 = MinSizeRel|Win32
		{92CAF456-D70B-37AC-AD20-66F9275B129C}.RelWithDebInfo|Win32.ActiveCfg = RelWithDebInfo|Win32
		{92CAF456-D70B-37AC-AD20-66F9275B129C}.RelWithDebInfo|Win32.Build.0 = RelWithDebInfo|Win32
		{7711AE6D-A719-38A8-B0BF-4E52CF7F3060}.Debug|Win32.ActiveCfg = Debug|Win32
		{7711AE6D-A719-38A8-B0BF-4E52CF7F3060}.Release|Win32.ActiveCfg = Release|Win32
		{7711AE6D-A719-38A8-B0BF-4E52CF7F3060}.MinSizeRel|Win32.ActiveCfg = MinSizeRel|Win32
		{7711AE6D-A719-38A8-B0BF-4E52CF7F3060}.RelWithDebInfo|Win32.ActiveCfg = RelWithDebInfo|Win32
		{7440CEA2-A9C6-3215-94CE-C2BC65242134}.Debug|Win32.ActiveCfg = Debug|Win32
		{7440CEA2-A9C6-3215-94CE-C2BC65242134}.Release|Win32.ActiveCfg = Release|Win32
		{7440CEA2-A9C6-3215-94CE-C2BC65242134}.MinSizeRel|Win32.ActiveCfg = MinSizeRel|Win32
		{7440CEA2-A9C6-3215-94CE-C2BC65242134}.RelWithDebInfo|Win32.ActiveCfg = RelWithDebInfo|Win32
		{985E8448-D921-3ECC-851F-17C2F4382A6F}.Debug|Win32.ActiveCfg = Debug|Win32
		{985E8448-D921-3ECC-851F-17C2F4382A6F}.Release|Win32.ActiveCfg = Release|Win32
		{985E8448-D921-3ECC-851F-17C2F4382A6F}.MinSizeRel|Win32.ActiveCfg = MinSizeRel|Win32
		{985E8448-D921-3ECC-851F-17C2F4382A6F}.RelWithDebInfo|Win32.ActiveCfg = RelWithDebInfo|Win32
		{8D0FDD20-E85B-3975-B7C2-C0ED9BA42800}.Debug|Win32.ActiveCfg = Debug|Win32
		{8D0FDD20-E85B-3975-B7C2-C0ED9BA42800}.Debug|Win32.Build.0 = Debug|Win32
		{8D0FDD20-E85B-3975-B7C2-C0ED9BA42800}.Release|Win32.ActiveCfg = Release|Win32
		{8D0FDD20-E85B-3975-B7C2-C0ED9BA42800}.Release|Win32.Build.0 = Release|Win32
		{8D0FDD20-E85B-3975-B7C2-C0ED9BA42800}.MinSizeRel|Win32.ActiveCfg = MinSizeRel|Win32
		{8D0FDD20-E85B-3975-B7C2-C0ED9BA42800}.MinSizeRel|Win32.Build.0 = MinSizeRel|Win32
		{8D0FDD20-E85B-3975-B7C2-C0ED9BA42800}.RelWithDebInfo|Win32.ActiveCfg = RelWithDebInfo|Win32
		{8D0FDD20-E85B-3975-B7C2-C0ED9BA42800}.RelWithDebInfo|Win32.Build.0 = RelWithDebInfo|Win32
		{2F8DD6C1-B682-3FDD-B718-29B6D240DF1B}.Debug|Win32.ActiveCfg = Debug|Win32
		{2F8DD6C1-B682-3FDD-B718-29B6D240DF1B}.Debug|Win32.Build.0 = Debug|Win32
		{2F8DD6C1-B682-3FDD-B718-29B6D240DF1B}.Release|Win32.ActiveCfg = Release|Win32
		{2F8DD6C1-B682-3FDD-B718-29B6D240DF1B}.Release|Win32.Build.0 = Release|Win32
		{2F8DD6C1-B682-3FDD-B718-29B6D240DF1B}.MinSizeRel|Win32.ActiveCfg = MinSizeRel|Win32
		{2F8DD6C1-B682-3FDD-B718-29B6D240DF1B}.MinSizeRel|Win32.Build.0 = MinSizeRel|Win32
		{2F8DD6C1-B682-3FDD-B718-29B6D240DF1B}.RelWithDebInfo|Win32.ActiveCfg = RelWithDebInfo|Win32
		{2F8DD6C1-B682-3FDD-B718-29B6D240DF1B}.RelWithDebInfo|Win32.Build.0 = RelWithDebInfo|Win32
		{1A2CF381-FA51-35E9-B1C8-DC45F115CDB4}.Debug|Win32.ActiveCfg = Debug|Win32
		{1A2CF381-FA51-35E9-B1C8-DC45F115CDB4}.Debug|Win32.Build.0 = Debug|Win32
		{1A2CF381-FA51-35E9-B1C8-DC45F115CDB4}.Release|Win32.ActiveCfg = Release|Win32
		{1A2CF381-FA51-35E9-B1C8-DC45F115CDB4}.Release|Win32.Build.0 = Release|Win32
		{1A2CF381-FA51-35E9-B1C8-DC45F115CDB4}.MinSizeRel|Win32.ActiveCfg = MinSizeRel|Win32
		{1A2CF381-FA51-35E9-B1C8-DC45F115CDB4}.MinSizeRel|Win32.Build.0 = MinSizeRel|Win32
		{1A2CF381-FA51-35E9-B1C8-DC45F115CDB4}.RelWithDebInfo|Win32.ActiveCfg = RelWithDebInfo|Win32
		{1A2CF381-FA51-35E9-B1C8-DC45F115CDB4}.RelWithDebInfo|Win32.Build.0 = RelWithDebInfo|Win32
		{5AF12343-B57E-31B7-A237-1F25CFEFC4DF}.Debug|Win32.ActiveCfg = Debug|Win32
		{5AF12343-B57E-31B7-A237-1F25CFEFC4DF}.Debug|Win32.Build.0 = Debug|Win32
		{5AF12343-B57E-31B7-A237-1F25CFEFC4DF}.Release|Win32.ActiveCfg = Release|Win32
		{5AF12343-B57E-31B7-A237-1F25CFEFC4DF}.Release|Win32.Build.0 = Release|Win32
		{5AF12343-B57E-31B7-A237-1F25CFEFC4DF}.MinSizeRel|Win32.ActiveCfg = MinSizeRel|Win32
		{5AF12343-B57E-31B7-A237-1F25CFEFC4DF}.MinSizeRel|Win32.Build.0 = MinSizeRel|Win32
		{5AF12343-B57E-31B7-A237-1F25CFEFC4DF}.RelWithDebInfo|Win32.ActiveCfg = RelWithDebInfo|Win32
		{5AF12343-B57E-31B7-A237-1F25CFEFC4DF}.RelWithDebInfo|Win32.Build.0 = RelWithDebInfo|Win32
		{95257332-6988-3E44-B2B0-970195696BAE}.Debug|Win32.ActiveCfg = Debug|Win32
		{95257332-6988-3E44-B2B0-970195696BAE}.Debug|Win32.Build.0 = Debug|Win32
		{95257332-6988-3E44-B2B0-970195696BAE}.Release|Win32.ActiveCfg = Release|Win32
		{95257332-6988-3E44-B2B0-970195696BAE}.Release|Win32.Build.0 = Release|Win32
		{95257332-6988-3E44-B2B0-970195696BAE}.MinSizeRel|Win32.ActiveCfg = MinSizeRel|Win32
		{95257332-6988-3E44-B2B0-970195696BAE}.MinSizeRel|Win32.Build.0 = MinSizeRel|Win32
		{95257332-6988-3E44-B2B0-970195696BAE}.RelWithDebInfo|Win32.ActiveCfg = RelWithDebInfo|Win32
		{95257332-6988-3E44-B2B0-970195696BAE}.RelWithDebInfo|Win32.Build.0 = RelWithDebInfo|Win32
		{AD955C72-8CA9-380E-96C0-BC8F5DCD1A8F}.Debug|Win32.ActiveCfg = Debug|Win32
		{AD955C72-8CA9-380E-96C0-BC8F5DCD1A8F}.Debug|Win32.Build.0 = Debug|Win32
		{AD955C72-8CA9-380E-96C0-BC8F5DCD1A8F}.Release|Win32.ActiveCfg = Release|Win32
		{AD955C72-8CA9-380E-96C0-BC8F5DCD1A8F}.Release|Win32.Build.0 = Release|Win32
		{AD955C72-8CA9-380E-96C0-BC8F5DCD1A8F}.MinSizeRel|Win32.ActiveCfg = MinSizeRel|Win32
		{AD955C72-8CA9-380E-96C0-BC8F5DCD1A8F}.MinSizeRel|Win32.Build.0 = MinSizeRel|Win32
		{AD955C72-8CA9-380E-96C0-BC8F5DCD1A8F}.RelWithDebInfo|Win32.ActiveCfg = RelWithDebInfo|Win32
		{AD955C72-8CA9-380E-96C0-BC8F5DCD1A8F}.RelWithDebInfo|Win32.Build.0 = RelWithDebInfo|Win32
	EndGlobalSection
	GlobalSection(ExtensibilityGlobals) = postSolution
		SolutionGuid = {611EFC26-C9C3-3161-8D70-392AFA29EFF4}
	EndGlobalSection
	GlobalSection(ExtensibilityAddIns) = postSolution
	EndGlobalSection
EndGlobal
